
Microsoft Visual Studio Solution File, Format Version 12.00
# Visual Studio 15
VisualStudioVersion = 15.0.28306.52
MinimumVisualStudioVersion = 10.0.40219.1
Project("{FAE04EC0-301F-11D3-BF4B-00C04F79EFBC}") = "imgDownloader", "imgDownloader\imgDownloader.csproj", "{C89298EE-ABAA-4CA2-9446-E68EF8B8501B}"
EndProject
Project("{FAE04EC0-301F-11D3-BF4B-00C04F79EFBC}") = "missingImgFinder", "missingImgFinder\missingImgFinder.csproj", "{966164BC-A8AF-46DB-AD7F-8997EA5B5A8E}"
EndProject
Project("{FAE04EC0-301F-11D3-BF4B-00C04F79EFBC}") = "downloadSpecifiedFolder", "downloadSpecifiedFolder\downloadSpecifiedFolder.csproj", "{AE6DE155-7226-4C4A-9888-3C1EA07A63A4}"
EndProject
Project("{FAE04EC0-301F-11D3-BF4B-00C04F79EFBC}") = "doubleChecker", "doubleChecker\doubleChecker.csproj", "{FBA279F9-D9E3-4886-9C44-71A98D8DC076}"
EndProject
Project("{FAE04EC0-301F-11D3-BF4B-00C04F79EFBC}") = "itemTypeLabeler", "itemTypeLabeler\itemTypeLabeler.csproj", "{AB47A855-617C-41A0-AFA5-BE39BBFE3F32}"
EndProject
Project("{FAE04EC0-301F-11D3-BF4B-00C04F79EFBC}") = "tripleCheck", "tripleCheck\tripleCheck.csproj", "{DCF00285-1959-4612-BAF7-86FAACF3ECBE}"
EndProject
Global
	GlobalSection(SolutionConfigurationPlatforms) = preSolution
		Debug|Any CPU = Debug|Any CPU
		Release|Any CPU = Release|Any CPU
	EndGlobalSection
	GlobalSection(ProjectConfigurationPlatforms) = postSolution
		{C89298EE-ABAA-4CA2-9446-E68EF8B8501B}.Debug|Any CPU.ActiveCfg = Debug|Any CPU
		{C89298EE-ABAA-4CA2-9446-E68EF8B8501B}.Debug|Any CPU.Build.0 = Debug|Any CPU
		{C89298EE-ABAA-4CA2-9446-E68EF8B8501B}.Release|Any CPU.ActiveCfg = Release|Any CPU
		{C89298EE-ABAA-4CA2-9446-E68EF8B8501B}.Release|Any CPU.Build.0 = Release|Any CPU
		{966164BC-A8AF-46DB-AD7F-8997EA5B5A8E}.Debug|Any CPU.ActiveCfg = Debug|Any CPU
		{966164BC-A8AF-46DB-AD7F-8997EA5B5A8E}.Debug|Any CPU.Build.0 = Debug|Any CPU
		{966164BC-A8AF-46DB-AD7F-8997EA5B5A8E}.Release|Any CPU.ActiveCfg = Release|Any CPU
		{966164BC-A8AF-46DB-AD7F-8997EA5B5A8E}.Release|Any CPU.Build.0 = Release|Any CPU
		{AE6DE155-7226-4C4A-9888-3C1EA07A63A4}.Debug|Any CPU.ActiveCfg = Debug|Any CPU
		{AE6DE155-7226-4C4A-9888-3C1EA07A63A4}.Debug|Any CPU.Build.0 = Debug|Any CPU
		{AE6DE155-7226-4C4A-9888-3C1EA07A63A4}.Release|Any CPU.ActiveCfg = Release|Any CPU
		{AE6DE155-7226-4C4A-9888-3C1EA07A63A4}.Release|Any CPU.Build.0 = Release|Any CPU
		{FBA279F9-D9E3-4886-9C44-71A98D8DC076}.Debug|Any CPU.ActiveCfg = Debug|Any CPU
		{FBA279F9-D9E3-4886-9C44-71A98D8DC076}.Debug|Any CPU.Build.0 = Debug|Any CPU
		{FBA279F9-D9E3-4886-9C44-71A98D8DC076}.Release|Any CPU.ActiveCfg = Release|Any CPU
		{FBA279F9-D9E3-4886-9C44-71A98D8DC076}.Release|Any CPU.Build.0 = Release|Any CPU
		{AB47A855-617C-41A0-AFA5-BE39BBFE3F32}.Debug|Any CPU.ActiveCfg = Debug|Any CPU
		{AB47A855-617C-41A0-AFA5-BE39BBFE3F32}.Debug|Any CPU.Build.0 = Debug|Any CPU
		{AB47A855-617C-41A0-AFA5-BE39BBFE3F32}.Release|Any CPU.ActiveCfg = Release|Any CPU
		{AB47A855-617C-41A0-AFA5-BE39BBFE3F32}.Release|Any CPU.Build.0 = Release|Any CPU
		{DCF00285-1959-4612-BAF7-86FAACF3ECBE}.Debug|Any CPU.ActiveCfg = Debug|Any CPU
		{DCF00285-1959-4612-BAF7-86FAACF3ECBE}.Debug|Any CPU.Build.0 = Debug|Any CPU
		{DCF00285-1959-4612-BAF7-86FAACF3ECBE}.Release|Any CPU.ActiveCfg = Release|Any CPU
		{DCF00285-1959-4612-BAF7-86FAACF3ECBE}.Release|Any CPU.Build.0 = Release|Any CPU
	EndGlobalSection
	GlobalSection(SolutionProperties) = preSolution
		HideSolutionNode = FALSE
	EndGlobalSection
	GlobalSection(ExtensibilityGlobals) = postSolution
		SolutionGuid = {6A807884-AEAA-40E7-83A7-212CD2B5E6B2}
	EndGlobalSection
EndGlobal
